<Solution>
  <Project Path="Meta.Voice.Samples.Dictation.csproj" />
  <Project Path="Meta.Wit.Composer.Samples.csproj" />
  <Project Path="Assembly-CSharp.csproj" />
  <Project Path="Meta.Voice.Samples.BuiltInTimer.csproj" />
  <Project Path="Meta.Voice.Samples.Shapes.csproj" />
  <Project Path="Meta.XR.SDK.Audio.Samples.csproj" />
  <Project Path="Meta.Voice.Samples.ShapesConduit.csproj" />
  <Project Path="Meta.Voice.Samples.LiveUnderstanding.csproj" />
  <Project Path="Meta.Voice.Samples.Chess.csproj" />
  <Project Path="Meta.Voice.Samples.TTSVoices.csproj" />
  <Project Path="Meta.Voice.Samples.LightTraits.csproj" />
  <Project Path="Assembly-CSharp-Editor.csproj" />
</Solution>
